// !$*UTF8*$!
{
	archiveVersion = 1;
	classes = {
	};
	objectVersion = 77;
	objects = {

/* Begin PBXBuildFile section */
        C0DE00000000000000000001 /* ImportReviewView.swift in Sources */ = {isa = PBXBuildFile; fileRef = C0DE00000000000000000002 /* ImportReviewView.swift */; };
		8479DD8D2D8255FA01C2ACD8 /* JevClassification.swift in Sources */ = {isa = PBXBuildFile; fileRef = B9B18DA3D53D440D1812B343 /* JevClassification.swift */; };
		978B8AE289BFADA7445DAD9E /* AttentionLogApp.swift in Sources */ = {isa = PBXBuildFile; fileRef = 6B804C4EFF97418FAC6A788B /* AttentionLogApp.swift */; };
		B16F4F41E46479BC78A2BAD1 /* AttentionCore in Frameworks */ = {isa = PBXBuildFile; productRef = 375CD385E55389858B76E604 /* AttentionCore */; };
		B93EE64F705AB240D02DD377 /* PersonalEvaluation.swift in Sources */ = {isa = PBXBuildFile; fileRef = 3E86B9A99A07412062B4658F /* PersonalEvaluation.swift */; };
		C3773770107DBB85940F25BA /* ArcReader.swift in Sources */ = {isa = PBXBuildFile; fileRef = 413429F1C92F7C44E9883AA6 /* ArcReader.swift */; };
		DB1577B7433E0219E93AFEA3 /* AppModel.swift in Sources */ = {isa = PBXBuildFile; fileRef = 45E7B40496CF504B77293F1C /* AppModel.swift */; };
/* End PBXBuildFile section */

/* Begin PBXFileReference section */
        C0DE00000000000000000002 /* ImportReviewView.swift */ = {isa = PBXFileReference; lastKnownFileType = sourcecode.swift; path = ImportReviewView.swift; sourceTree = "<group>"; };
		2FD0D65F25B4DC3654D8ED03 /* AttentionLog.app */ = {isa = PBXFileReference; explicitFileType = wrapper.application; includeInIndex = 0; path = AttentionLog.app; sourceTree = BUILT_PRODUCTS_DIR; };
		3E86B9A99A07412062B4658F /* PersonalEvaluation.swift */ = {isa = PBXFileReference; lastKnownFileType = sourcecode.swift; path = PersonalEvaluation.swift; sourceTree = "<group>"; };
		413429F1C92F7C44E9883AA6 /* ArcReader.swift */ = {isa = PBXFileReference; lastKnownFileType = sourcecode.swift; path = ArcReader.swift; sourceTree = "<group>"; };
		45E7B40496CF504B77293F1C /* AppModel.swift */ = {isa = PBXFileReference; lastKnownFileType = sourcecode.swift; path = AppModel.swift; sourceTree = "<group>"; };
		514E2F26BEAD82D0EED27AA3 /* macos */ = {isa = PBXFileReference; lastKnownFileType = folder; name = macos; path = .; sourceTree = SOURCE_ROOT; };
		6B804C4EFF97418FAC6A788B /* AttentionLogApp.swift */ = {isa = PBXFileReference; lastKnownFileType = sourcecode.swift; path = AttentionLogApp.swift; sourceTree = "<group>"; };
		7B6269FE62AE80B8BDB97BBC /* Cloud.entitlements */ = {isa = PBXFileReference; lastKnownFileType = text.plist.entitlements; path = Cloud.entitlements; sourceTree = "<group>"; };
		B9B18DA3D53D440D1812B343 /* JevClassification.swift */ = {isa = PBXFileReference; lastKnownFileType = sourcecode.swift; path = JevClassification.swift; sourceTree = "<group>"; };
		CC80B3CD6C19E12FB9A2F0BF /* Info.plist */ = {isa = PBXFileReference; lastKnownFileType = text.plist; path = Info.plist; sourceTree = "<group>"; };
		FB7035C229542EBF42C44E79 /* Signing.xcconfig */ = {isa = PBXFileReference; lastKnownFileType = text.xcconfig; path = Signing.xcconfig; sourceTree = "<group>"; };
/* End PBXFileReference section */

/* Begin PBXFrameworksBuildPhase section */
		C9ABE710AAF8FAB5C4EB5202 /* Frameworks */ = {
			isa = PBXFrameworksBuildPhase;
			buildActionMask = 2147483647;
			files = (
				B16F4F41E46479BC78A2BAD1 /* AttentionCore in Frameworks */,
			);
			runOnlyForDeploymentPostprocessing = 0;
		};
/* End PBXFrameworksBuildPhase section */

/* Begin PBXGroup section */
		77A7A4DAE1883B528A590940 /* macos */ = {
			isa = PBXGroup;
			children = (
				FB7035C229542EBF42C44E79 /* Signing.xcconfig */,
			);
			name = macos;
			path = .;
			sourceTree = "<group>";
		};
		89DFD9C8D94791BD310F83EA /* App */ = {
			isa = PBXGroup;
			children = (
                C0DE00000000000000000002 /* ImportReviewView.swift */,
				45E7B40496CF504B77293F1C /* AppModel.swift */,
				413429F1C92F7C44E9883AA6 /* ArcReader.swift */,
				6B804C4EFF97418FAC6A788B /* AttentionLogApp.swift */,
				7B6269FE62AE80B8BDB97BBC /* Cloud.entitlements */,
				CC80B3CD6C19E12FB9A2F0BF /* Info.plist */,
				B9B18DA3D53D440D1812B343 /* JevClassification.swift */,
				3E86B9A99A07412062B4658F /* PersonalEvaluation.swift */,
			);
			path = App;
			sourceTree = "<group>";
		};
		96C398C44DA208982B7344CE = {
			isa = PBXGroup;
			children = (
				89DFD9C8D94791BD310F83EA /* App */,
				77A7A4DAE1883B528A590940 /* macos */,
				E8BD5B31035C44A9FD42BA77 /* Packages */,
				D42116E78EC40542EE99C057 /* Products */,
			);
			sourceTree = "<group>";
		};
		D42116E78EC40542EE99C057 /* Products */ = {
			isa = PBXGroup;
			children = (
				2FD0D65F25B4DC3654D8ED03 /* AttentionLog.app */,
			);
			name = Products;
			sourceTree = "<group>";
		};
		E8BD5B31035C44A9FD42BA77 /* Packages */ = {
			isa = PBXGroup;
			children = (
				514E2F26BEAD82D0EED27AA3 /* macos */,
			);
			name = Packages;
			sourceTree = "<group>";
		};
/* End PBXGroup section */

/* Begin PBXNativeTarget section */
		D19EEAC35F9D72897EBD0260 /* AttentionLog */ = {
			isa = PBXNativeTarget;
			buildConfigurationList = 9BE71FCDE75AD697BF420CF8 /* Build configuration list for PBXNativeTarget "AttentionLog" */;
			buildPhases = (
				BC15D590A23E076A11418A4A /* Sources */,
				C9ABE710AAF8FAB5C4EB5202 /* Frameworks */,
			);
			buildRules = (
			);
			dependencies = (
			);
			name = AttentionLog;
			packageProductDependencies = (
				375CD385E55389858B76E604 /* AttentionCore */,
			);
			productName = AttentionLog;
			productReference = 2FD0D65F25B4DC3654D8ED03 /* AttentionLog.app */;
			productType = "com.apple.product-type.application";
		};
/* End PBXNativeTarget section */

/* Begin PBXProject section */
		C1704A2FDAC9C3E65A84F06A /* Project object */ = {
			isa = PBXProject;
			attributes = {
				BuildIndependentTargetsInParallel = YES;
				LastUpgradeCheck = 1430;
				TargetAttributes = {
					D19EEAC35F9D72897EBD0260 = {
						ProvisioningStyle = Automatic;
						SystemCapabilities = "[\"com.apple.iCloud\": [\"enabled\": 1], \"com.apple.Push\": [\"enabled\": 1]]";
					};
				};
			};
			buildConfigurationList = 8940994F5E3AB506BF65C23D /* Build configuration list for PBXProject "AttentionLog" */;
			developmentRegion = en;
			hasScannedForEncodings = 0;
			knownRegions = (
				Base,
				en,
			);
			mainGroup = 96C398C44DA208982B7344CE;
			minimizedProjectReferenceProxies = 1;
			packageReferences = (
				773F3D38B723A0CAFE37666A /* XCLocalSwiftPackageReference "." */,
			);
			preferredProjectObjectVersion = 77;
			productRefGroup = D42116E78EC40542EE99C057 /* Products */;
			projectDirPath = "";
			projectRoot = "";
			targets = (
				D19EEAC35F9D72897EBD0260 /* AttentionLog */,
			);
		};
/* End PBXProject section */

/* Begin PBXSourcesBuildPhase section */
		BC15D590A23E076A11418A4A /* Sources */ = {
			isa = PBXSourcesBuildPhase;
			buildActionMask = 2147483647;
			files = (
                C0DE00000000000000000001 /* ImportReviewView.swift in Sources */,
				DB1577B7433E0219E93AFEA3 /* AppModel.swift in Sources */,
				C3773770107DBB85940F25BA /* ArcReader.swift in Sources */,
				978B8AE289BFADA7445DAD9E /* AttentionLogApp.swift in Sources */,
				8479DD8D2D8255FA01C2ACD8 /* JevClassification.swift in Sources */,
				B93EE64F705AB240D02DD377 /* PersonalEvaluation.swift in Sources */,
			);
			runOnlyForDeploymentPostprocessing = 0;
		};
/* End PBXSourcesBuildPhase section */

/* Begin XCBuildConfiguration section */
		20A188E55567D5CBB9B94F04 /* Release */ = {
			isa = XCBuildConfiguration;
			buildSettings = {
				ASSETCATALOG_COMPILER_APPICON_NAME = AppIcon;
				COMBINE_HIDPI_IMAGES = YES;
				INFOPLIST_FILE = App/Info.plist;
				LD_RUNPATH_SEARCH_PATHS = (
					"$(inherited)",
					"@executable_path/../Frameworks",
				);
				PRODUCT_NAME = Zevra;
				SDKROOT = macosx;
			};
			name = Release;
		};
		70A606DCEDBD4B04B9306297 /* Cloud */ = {
			isa = XCBuildConfiguration;
			buildSettings = {
				ASSETCATALOG_COMPILER_APPICON_NAME = AppIcon;
				COMBINE_HIDPI_IMAGES = YES;
				INFOPLIST_FILE = App/Info.plist;
				LD_RUNPATH_SEARCH_PATHS = (
					"$(inherited)",
					"@executable_path/../Frameworks",
				);
				PRODUCT_NAME = Zevra;
				SDKROOT = macosx;
			};
			name = Cloud;
		};
		8FF345DE3FB0A49B5C1C4783 /* Debug */ = {
			isa = XCBuildConfiguration;
			buildSettings = {
				ASSETCATALOG_COMPILER_APPICON_NAME = AppIcon;
				COMBINE_HIDPI_IMAGES = YES;
				INFOPLIST_FILE = App/Info.plist;
				LD_RUNPATH_SEARCH_PATHS = (
					"$(inherited)",
					"@executable_path/../Frameworks",
				);
				PRODUCT_NAME = Zevra;
				SDKROOT = macosx;
			};
			name = Debug;
		};
		913AC1854B8051ED68203F50 /* Cloud */ = {
			isa = XCBuildConfiguration;
			baseConfigurationReference = FB7035C229542EBF42C44E79 /* Signing.xcconfig */;
			buildSettings = {
				ALWAYS_SEARCH_USER_PATHS = NO;
				ATTENTION_CLOUD_CONTAINER = iCloud.com.jamatyka.AttentionLog;
				ATTENTION_CLOUD_ENABLED = YES;
				CLANG_ANALYZER_NONNULL = YES;
				CLANG_ANALYZER_NUMBER_OBJECT_CONVERSION = YES_AGGRESSIVE;
				CLANG_CXX_LANGUAGE_STANDARD = "gnu++14";
				CLANG_CXX_LIBRARY = "libc++";
				CLANG_ENABLE_MODULES = YES;
				CLANG_ENABLE_OBJC_ARC = YES;
				CLANG_ENABLE_OBJC_WEAK = YES;
				CLANG_WARN_BLOCK_CAPTURE_AUTORELEASING = YES;
				CLANG_WARN_BOOL_CONVERSION = YES;
				CLANG_WARN_COMMA = YES;
				CLANG_WARN_CONSTANT_CONVERSION = YES;
				CLANG_WARN_DEPRECATED_OBJC_IMPLEMENTATIONS = YES;
				CLANG_WARN_DIRECT_OBJC_ISA_USAGE = YES_ERROR;
				CLANG_WARN_DOCUMENTATION_COMMENTS = YES;
				CLANG_WARN_EMPTY_BODY = YES;
				CLANG_WARN_ENUM_CONVERSION = YES;
				CLANG_WARN_INFINITE_RECURSION = YES;
				CLANG_WARN_INT_CONVERSION = YES;
				CLANG_WARN_NON_LITERAL_NULL_CONVERSION = YES;
				CLANG_WARN_OBJC_IMPLICIT_RETAIN_SELF = YES;
				CLANG_WARN_OBJC_LITERAL_CONVERSION = YES;
				CLANG_WARN_OBJC_ROOT_CLASS = YES_ERROR;
				CLANG_WARN_QUOTED_INCLUDE_IN_FRAMEWORK_HEADER = YES;
				CLANG_WARN_RANGE_LOOP_ANALYSIS = YES;
				CLANG_WARN_STRICT_PROTOTYPES = YES;
				CLANG_WARN_SUSPICIOUS_MOVE = YES;
				CLANG_WARN_UNGUARDED_AVAILABILITY = YES_AGGRESSIVE;
				CLANG_WARN_UNREACHABLE_CODE = YES;
				CLANG_WARN__DUPLICATE_METHOD_MATCH = YES;
				CODE_SIGN_ENTITLEMENTS = App/Cloud.entitlements;
				CODE_SIGN_STYLE = Automatic;
				COPY_PHASE_STRIP = NO;
				CURRENT_PROJECT_VERSION = 4;
				DEBUG_INFORMATION_FORMAT = dwarf;
				ENABLE_HARDENED_RUNTIME = YES;
				ENABLE_STRICT_OBJC_MSGSEND = YES;
				ENABLE_TESTABILITY = YES;
				GCC_C_LANGUAGE_STANDARD = gnu11;
				GCC_DYNAMIC_NO_PIC = NO;
				GCC_NO_COMMON_BLOCKS = YES;
				GCC_OPTIMIZATION_LEVEL = 0;
				GCC_PREPROCESSOR_DEFINITIONS = (
					"$(inherited)",
					"DEBUG=1",
				);
				GCC_WARN_64_TO_32_BIT_CONVERSION = YES;
				GCC_WARN_ABOUT_RETURN_TYPE = YES_ERROR;
				GCC_WARN_UNDECLARED_SELECTOR = YES;
				GCC_WARN_UNINITIALIZED_AUTOS = YES_AGGRESSIVE;
				GCC_WARN_UNUSED_FUNCTION = YES;
				GCC_WARN_UNUSED_VARIABLE = YES;
				MACOSX_DEPLOYMENT_TARGET = 14.0;
				MARKETING_VERSION = 0.3.0;
				MTL_ENABLE_DEBUG_INFO = INCLUDE_SOURCE;
				MTL_FAST_MATH = YES;
				ONLY_ACTIVE_ARCH = YES;
				PRODUCT_BUNDLE_IDENTIFIER = com.jamatyka.AttentionLog;
				PRODUCT_NAME = "$(TARGET_NAME)";
				SDKROOT = macosx;
				SWIFT_ACTIVE_COMPILATION_CONDITIONS = DEBUG;
				SWIFT_OPTIMIZATION_LEVEL = "-Onone";
				SWIFT_VERSION = 6.0;
			};
			name = Cloud;
		};
		C610F47B7FA02E00F29D55C9 /* Debug */ = {
			isa = XCBuildConfiguration;
			baseConfigurationReference = FB7035C229542EBF42C44E79 /* Signing.xcconfig */;
			buildSettings = {
				ALWAYS_SEARCH_USER_PATHS = NO;
				ATTENTION_CLOUD_CONTAINER = iCloud.com.jamatyka.AttentionLog;
				ATTENTION_CLOUD_ENABLED = NO;
				CLANG_ANALYZER_NONNULL = YES;
				CLANG_ANALYZER_NUMBER_OBJECT_CONVERSION = YES_AGGRESSIVE;
				CLANG_CXX_LANGUAGE_STANDARD = "gnu++14";
				CLANG_CXX_LIBRARY = "libc++";
				CLANG_ENABLE_MODULES = YES;
				CLANG_ENABLE_OBJC_ARC = YES;
				CLANG_ENABLE_OBJC_WEAK = YES;
				CLANG_WARN_BLOCK_CAPTURE_AUTORELEASING = YES;
				CLANG_WARN_BOOL_CONVERSION = YES;
				CLANG_WARN_COMMA = YES;
				CLANG_WARN_CONSTANT_CONVERSION = YES;
				CLANG_WARN_DEPRECATED_OBJC_IMPLEMENTATIONS = YES;
				CLANG_WARN_DIRECT_OBJC_ISA_USAGE = YES_ERROR;
				CLANG_WARN_DOCUMENTATION_COMMENTS = YES;
				CLANG_WARN_EMPTY_BODY = YES;
				CLANG_WARN_ENUM_CONVERSION = YES;
				CLANG_WARN_INFINITE_RECURSION = YES;
				CLANG_WARN_INT_CONVERSION = YES;
				CLANG_WARN_NON_LITERAL_NULL_CONVERSION = YES;
				CLANG_WARN_OBJC_IMPLICIT_RETAIN_SELF = YES;
				CLANG_WARN_OBJC_LITERAL_CONVERSION = YES;
				CLANG_WARN_OBJC_ROOT_CLASS = YES_ERROR;
				CLANG_WARN_QUOTED_INCLUDE_IN_FRAMEWORK_HEADER = YES;
				CLANG_WARN_RANGE_LOOP_ANALYSIS = YES;
				CLANG_WARN_STRICT_PROTOTYPES = YES;
				CLANG_WARN_SUSPICIOUS_MOVE = YES;
				CLANG_WARN_UNGUARDED_AVAILABILITY = YES_AGGRESSIVE;
				CLANG_WARN_UNREACHABLE_CODE = YES;
				CLANG_WARN__DUPLICATE_METHOD_MATCH = YES;
				CODE_SIGN_IDENTITY = "-";
				CODE_SIGN_STYLE = Automatic;
				COPY_PHASE_STRIP = NO;
				CURRENT_PROJECT_VERSION = 4;
				DEBUG_INFORMATION_FORMAT = dwarf;
				ENABLE_HARDENED_RUNTIME = YES;
				ENABLE_STRICT_OBJC_MSGSEND = YES;
				ENABLE_TESTABILITY = YES;
				GCC_C_LANGUAGE_STANDARD = gnu11;
				GCC_DYNAMIC_NO_PIC = NO;
				GCC_NO_COMMON_BLOCKS = YES;
				GCC_OPTIMIZATION_LEVEL = 0;
				GCC_PREPROCESSOR_DEFINITIONS = (
					"$(inherited)",
					"DEBUG=1",
				);
				GCC_WARN_64_TO_32_BIT_CONVERSION = YES;
				GCC_WARN_ABOUT_RETURN_TYPE = YES_ERROR;
				GCC_WARN_UNDECLARED_SELECTOR = YES;
				GCC_WARN_UNINITIALIZED_AUTOS = YES_AGGRESSIVE;
				GCC_WARN_UNUSED_FUNCTION = YES;
				GCC_WARN_UNUSED_VARIABLE = YES;
				MACOSX_DEPLOYMENT_TARGET = 14.0;
				MARKETING_VERSION = 0.3.0;
				MTL_ENABLE_DEBUG_INFO = INCLUDE_SOURCE;
				MTL_FAST_MATH = YES;
				ONLY_ACTIVE_ARCH = YES;
				PRODUCT_BUNDLE_IDENTIFIER = com.jamatyka.AttentionLog;
				PRODUCT_NAME = "$(TARGET_NAME)";
				SDKROOT = macosx;
				SWIFT_ACTIVE_COMPILATION_CONDITIONS = DEBUG;
				SWIFT_OPTIMIZATION_LEVEL = "-Onone";
				SWIFT_VERSION = 6.0;
			};
			name = Debug;
		};
		DF8748A8ED58690771FE1C5B /* Release */ = {
			isa = XCBuildConfiguration;
			baseConfigurationReference = FB7035C229542EBF42C44E79 /* Signing.xcconfig */;
			buildSettings = {
				ALWAYS_SEARCH_USER_PATHS = NO;
				ATTENTION_CLOUD_CONTAINER = iCloud.com.jamatyka.AttentionLog;
				ATTENTION_CLOUD_ENABLED = NO;
				CLANG_ANALYZER_NONNULL = YES;
				CLANG_ANALYZER_NUMBER_OBJECT_CONVERSION = YES_AGGRESSIVE;
				CLANG_CXX_LANGUAGE_STANDARD = "gnu++14";
				CLANG_CXX_LIBRARY = "libc++";
				CLANG_ENABLE_MODULES = YES;
				CLANG_ENABLE_OBJC_ARC = YES;
				CLANG_ENABLE_OBJC_WEAK = YES;
				CLANG_WARN_BLOCK_CAPTURE_AUTORELEASING = YES;
				CLANG_WARN_BOOL_CONVERSION = YES;
				CLANG_WARN_COMMA = YES;
				CLANG_WARN_CONSTANT_CONVERSION = YES;
				CLANG_WARN_DEPRECATED_OBJC_IMPLEMENTATIONS = YES;
				CLANG_WARN_DIRECT_OBJC_ISA_USAGE = YES_ERROR;
				CLANG_WARN_DOCUMENTATION_COMMENTS = YES;
				CLANG_WARN_EMPTY_BODY = YES;
				CLANG_WARN_ENUM_CONVERSION = YES;
				CLANG_WARN_INFINITE_RECURSION = YES;
				CLANG_WARN_INT_CONVERSION = YES;
				CLANG_WARN_NON_LITERAL_NULL_CONVERSION = YES;
				CLANG_WARN_OBJC_IMPLICIT_RETAIN_SELF = YES;
				CLANG_WARN_OBJC_LITERAL_CONVERSION = YES;
				CLANG_WARN_OBJC_ROOT_CLASS = YES_ERROR;
				CLANG_WARN_QUOTED_INCLUDE_IN_FRAMEWORK_HEADER = YES;
				CLANG_WARN_RANGE_LOOP_ANALYSIS = YES;
				CLANG_WARN_STRICT_PROTOTYPES = YES;
				CLANG_WARN_SUSPICIOUS_MOVE = YES;
				CLANG_WARN_UNGUARDED_AVAILABILITY = YES_AGGRESSIVE;
				CLANG_WARN_UNREACHABLE_CODE = YES;
				CLANG_WARN__DUPLICATE_METHOD_MATCH = YES;
				CODE_SIGN_STYLE = Automatic;
				COPY_PHASE_STRIP = NO;
				CURRENT_PROJECT_VERSION = 4;
				DEBUG_INFORMATION_FORMAT = "dwarf-with-dsym";
				ENABLE_HARDENED_RUNTIME = YES;
				ENABLE_NS_ASSERTIONS = NO;
				ENABLE_STRICT_OBJC_MSGSEND = YES;
				GCC_C_LANGUAGE_STANDARD = gnu11;
				GCC_NO_COMMON_BLOCKS = YES;
				GCC_WARN_64_TO_32_BIT_CONVERSION = YES;
				GCC_WARN_ABOUT_RETURN_TYPE = YES_ERROR;
				GCC_WARN_UNDECLARED_SELECTOR = YES;
				GCC_WARN_UNINITIALIZED_AUTOS = YES_AGGRESSIVE;
				GCC_WARN_UNUSED_FUNCTION = YES;
				GCC_WARN_UNUSED_VARIABLE = YES;
				MACOSX_DEPLOYMENT_TARGET = 14.0;
				MARKETING_VERSION = 0.3.0;
				MTL_ENABLE_DEBUG_INFO = NO;
				MTL_FAST_MATH = YES;
				PRODUCT_BUNDLE_IDENTIFIER = com.jamatyka.AttentionLog;
				PRODUCT_NAME = "$(TARGET_NAME)";
				SDKROOT = macosx;
				SWIFT_COMPILATION_MODE = wholemodule;
				SWIFT_OPTIMIZATION_LEVEL = "-O";
				SWIFT_VERSION = 6.0;
			};
			name = Release;
		};
/* End XCBuildConfiguration section */

/* Begin XCConfigurationList section */
		8940994F5E3AB506BF65C23D /* Build configuration list for PBXProject "AttentionLog" */ = {
			isa = XCConfigurationList;
			buildConfigurations = (
				913AC1854B8051ED68203F50 /* Cloud */,
				C610F47B7FA02E00F29D55C9 /* Debug */,
				DF8748A8ED58690771FE1C5B /* Release */,
			);
			defaultConfigurationIsVisible = 0;
			defaultConfigurationName = Cloud;
		};
		9BE71FCDE75AD697BF420CF8 /* Build configuration list for PBXNativeTarget "AttentionLog" */ = {
			isa = XCConfigurationList;
			buildConfigurations = (
				70A606DCEDBD4B04B9306297 /* Cloud */,
				8FF345DE3FB0A49B5C1C4783 /* Debug */,
				20A188E55567D5CBB9B94F04 /* Release */,
			);
			defaultConfigurationIsVisible = 0;
			defaultConfigurationName = Cloud;
		};
/* End XCConfigurationList section */

/* Begin XCLocalSwiftPackageReference section */
		773F3D38B723A0CAFE37666A /* XCLocalSwiftPackageReference "." */ = {
			isa = XCLocalSwiftPackageReference;
			relativePath = .;
		};
/* End XCLocalSwiftPackageReference section */

/* Begin XCSwiftPackageProductDependency section */
		375CD385E55389858B76E604 /* AttentionCore */ = {
			isa = XCSwiftPackageProductDependency;
			productName = AttentionCore;
		};
/* End XCSwiftPackageProductDependency section */
	};
	rootObject = C1704A2FDAC9C3E65A84F06A /* Project object */;
}
